// !$*UTF8*$!
{
	archiveVersion = 1;
	classes = {
	};
	objectVersion = 50;
	objects = {

/* Begin PBXBuildFile section */
		8289C58721515AF00033CE5D /* AppDelegate.swift in Sources */ = {isa = PBXBuildFile; fileRef = 8289C58621515AF00033CE5D /* AppDelegate.swift */; };
		8289C58C21515AF00033CE5D /* Main.storyboard in Resources */ = {isa = PBXBuildFile; fileRef = 8289C58A21515AF00033CE5D /* Main.storyboard */; };
		8289C58E21515AF10033CE5D /* Assets.xcassets in Resources */ = {isa = PBXBuildFile; fileRef = 8289C58D21515AF10033CE5D /* Assets.xcassets */; };
		8289C59121515AF10033CE5D /* LaunchScreen.storyboard in Resources */ = {isa = PBXBuildFile; fileRef = 8289C58F21515AF10033CE5D /* LaunchScreen.storyboard */; };
		8289C59C21515C030033CE5D /* Default-568h@2x.png in Resources */ = {isa = PBXBuildFile; fileRef = 8289C59B21515C030033CE5D /* Default-568h@2x.png */; };
		8289C59E21515DE50033CE5D /* PersonSearchTableViewController.swift in Sources */ = {isa = PBXBuildFile; fileRef = 8289C59D21515DE50033CE5D /* PersonSearchTableViewController.swift */; };
/* End PBXBuildFile section */

/* Begin PBXFileReference section */
		8289C58321515AF00033CE5D /* Star Wars with Luis.app */ = {isa = PBXFileReference; explicitFileType = wrapper.application; includeInIndex = 0; path = "Star Wars with Luis.app"; sourceTree = BUILT_PRODUCTS_DIR; };
		8289C58621515AF00033CE5D /* AppDelegate.swift */ = {isa = PBXFileReference; lastKnownFileType = sourcecode.swift; path = AppDelegate.swift; sourceTree = "<group>"; };
		8289C58B21515AF00033CE5D /* Base */ = {isa = PBXFileReference; lastKnownFileType = file.storyboard; name = Base; path = Base.lproj/Main.storyboard; sourceTree = "<group>"; };
		8289C58D21515AF10033CE5D /* Assets.xcassets */ = {isa = PBXFileReference; lastKnownFileType = folder.assetcatalog; path = Assets.xcassets; sourceTree = "<group>"; };
		8289C59021515AF10033CE5D /* Base */ = {isa = PBXFileReference; lastKnownFileType = file.storyboard; name = Base; path = Base.lproj/LaunchScreen.storyboard; sourceTree = "<group>"; };
		8289C59221515AF10033CE5D /* Info.plist */ = {isa = PBXFileReference; lastKnownFileType = text.plist.xml; path = Info.plist; sourceTree = "<group>"; };
		8289C59B21515C030033CE5D /* Default-568h@2x.png */ = {isa = PBXFileReference; lastKnownFileType = image.png; path = "Default-568h@2x.png"; sourceTree = "<group>"; };
		8289C59D21515DE50033CE5D /* PersonSearchTableViewController.swift */ = {isa = PBXFileReference; lastKnownFileType = sourcecode.swift; path = PersonSearchTableViewController.swift; sourceTree = "<group>"; };
/* End PBXFileReference section */

/* Begin PBXFrameworksBuildPhase section */
		8289C58021515AF00033CE5D /* Frameworks */ = {
			isa = PBXFrameworksBuildPhase;
			buildActionMask = 2147483647;
			files = (
			);
			runOnlyForDeploymentPostprocessing = 0;
		};
/* End PBXFrameworksBuildPhase section */

/* Begin PBXGroup section */
		8289C57A21515AF00033CE5D = {
			isa = PBXGroup;
			children = (
				8289C59B21515C030033CE5D /* Default-568h@2x.png */,
				8289C58521515AF00033CE5D /* Star Wars with Luis */,
				8289C59821515B910033CE5D /* Resources */,
				8289C58421515AF00033CE5D /* Products */,
			);
			sourceTree = "<group>";
		};
		8289C58421515AF00033CE5D /* Products */ = {
			isa = PBXGroup;
			children = (
				8289C58321515AF00033CE5D /* Star Wars with Luis.app */,
			);
			name = Products;
			sourceTree = "<group>";
		};
		8289C58521515AF00033CE5D /* Star Wars with Luis */ = {
			isa = PBXGroup;
			children = (
				8289C59A21515BA30033CE5D /* View */,
				8289C59921515B9A0033CE5D /* View Controller */,
			);
			path = "Star Wars with Luis";
			sourceTree = "<group>";
		};
		8289C59821515B910033CE5D /* Resources */ = {
			isa = PBXGroup;
			children = (
				8289C58621515AF00033CE5D /* AppDelegate.swift */,
				8289C58D21515AF10033CE5D /* Assets.xcassets */,
				8289C58F21515AF10033CE5D /* LaunchScreen.storyboard */,
				8289C59221515AF10033CE5D /* Info.plist */,
			);
			path = Resources;
			sourceTree = "<group>";
		};
		8289C59921515B9A0033CE5D /* View Controller */ = {
			isa = PBXGroup;
			children = (
				8289C59D21515DE50033CE5D /* PersonSearchTableViewController.swift */,
			);
			path = "View Controller";
			sourceTree = "<group>";
		};
		8289C59A21515BA30033CE5D /* View */ = {
			isa = PBXGroup;
			children = (
				8289C58A21515AF00033CE5D /* Main.storyboard */,
			);
			path = View;
			sourceTree = "<group>";
		};
/* End PBXGroup section */

/* Begin PBXNativeTarget section */
		8289C58221515AF00033CE5D /* Star Wars with Luis */ = {
			isa = PBXNativeTarget;
			buildConfigurationList = 8289C59521515AF10033CE5D /* Build configuration list for PBXNativeTarget "Star Wars with Luis" */;
			buildPhases = (
				8289C57F21515AF00033CE5D /* Sources */,
				8289C58021515AF00033CE5D /* Frameworks */,
				8289C58121515AF00033CE5D /* Resources */,
			);
			buildRules = (
			);
			dependencies = (
			);
			name = "Star Wars with Luis";
			productName = "Star Wars with Luis";
			productReference = 8289C58321515AF00033CE5D /* Star Wars with Luis.app */;
			productType = "com.apple.product-type.application";
		};
/* End PBXNativeTarget section */

/* Begin PBXProject section */
		8289C57B21515AF00033CE5D /* Project object */ = {
			isa = PBXProject;
			attributes = {
				LastSwiftUpdateCheck = 1000;
				LastUpgradeCheck = 1000;
				ORGANIZATIONNAME = "Lambda School";
				TargetAttributes = {
					8289C58221515AF00033CE5D = {
						CreatedOnToolsVersion = 10.0;
					};
				};
			};
			buildConfigurationList = 8289C57E21515AF00033CE5D /* Build configuration list for PBXProject "Star Wars with Luis" */;
			compatibilityVersion = "Xcode 9.3";
			developmentRegion = en;
			hasScannedForEncodings = 0;
			knownRegions = (
				en,
				Base,
			);
			mainGroup = 8289C57A21515AF00033CE5D;
			productRefGroup = 8289C58421515AF00033CE5D /* Products */;
			projectDirPath = "";
			projectRoot = "";
			targets = (
				8289C58221515AF00033CE5D /* Star Wars with Luis */,
			);
		};
/* End PBXProject section */

/* Begin PBXResourcesBuildPhase section */
		8289C58121515AF00033CE5D /* Resources */ = {
			isa = PBXResourcesBuildPhase;
			buildActionMask = 2147483647;
			files = (
				8289C59121515AF10033CE5D /* LaunchScreen.storyboard in Resources */,
				8289C59C21515C030033CE5D /* Default-568h@2x.png in Resources */,
				8289C58E21515AF10033CE5D /* Assets.xcassets in Resources */,
				8289C58C21515AF00033CE5D /* Main.storyboard in Resources */,
			);
			runOnlyForDeploymentPostprocessing = 0;
		};
/* End PBXResourcesBuildPhase section */

/* Begin PBXSourcesBuildPhase section */
		8289C57F21515AF00033CE5D /* Sources */ = {
			isa = PBXSourcesBuildPhase;
			buildActionMask = 2147483647;
			files = (
				8289C59E21515DE50033CE5D /* PersonSearchTableViewController.swift in Sources */,
				8289C58721515AF00033CE5D /* AppDelegate.swift in Sources */,
			);
			runOnlyForDeploymentPostprocessing = 0;
		};
/* End PBXSourcesBuildPhase section */

/* Begin PBXVariantGroup section */
		8289C58A21515AF00033CE5D /* Main.storyboard */ = {
			isa = PBXVariantGroup;
			children = (
				8289C58B21515AF00033CE5D /* Base */,
			);
			name = Main.storyboard;
			sourceTree = "<group>";
		};
		8289C58F21515AF10033CE5D /* LaunchScreen.storyboard */ = {
			isa = PBXVariantGroup;
			children = (
				8289C59021515AF10033CE5D /* Base */,
			);
			name = LaunchScreen.storyboard;
			sourceTree = "<group>";
		};
/* End PBXVariantGroup section */

/* Begin XCBuildConfiguration section */
		8289C59321515AF10033CE5D /* Debug */ = {
			isa = XCBuildConfiguration;
			buildSettings = {
				ALWAYS_SEARCH_USER_PATHS = NO;
				CLANG_ANALYZER_NONNULL = YES;
				CLANG_ANALYZER_NUMBER_OBJECT_CONVERSION = YES_AGGRESSIVE;
				CLANG_CXX_LANGUAGE_STANDARD = "gnu++14";
				CLANG_CXX_LIBRARY = "libc++";
				CLANG_ENABLE_MODULES = YES;
				CLANG_ENABLE_OBJC_ARC = YES;
				CLANG_ENABLE_OBJC_WEAK = YES;
				CLANG_WARN_BLOCK_CAPTURE_AUTORELEASING = YES;
				CLANG_WARN_BOOL_CONVERSION = YES;
				CLANG_WARN_COMMA = YES;
				CLANG_WARN_CONSTANT_CONVERSION = YES;
				CLANG_WARN_DEPRECATED_OBJC_IMPLEMENTATIONS = YES;
				CLANG_WARN_DIRECT_OBJC_ISA_USAGE = YES_ERROR;
				CLANG_WARN_DOCUMENTATION_COMMENTS = YES;
				CLANG_WARN_EMPTY_BODY = YES;
				CLANG_WARN_ENUM_CONVERSION = YES;
				CLANG_WARN_INFINITE_RECURSION = YES;
				CLANG_WARN_INT_CONVERSION = YES;
				CLANG_WARN_NON_LITERAL_NULL_CONVERSION = YES;
				CLANG_WARN_OBJC_IMPLICIT_RETAIN_SELF = YES;
				CLANG_WARN_OBJC_LITERAL_CONVERSION = YES;
				CLANG_WARN_OBJC_ROOT_CLASS = YES_ERROR;
				CLANG_WARN_RANGE_LOOP_ANALYSIS = YES;
				CLANG_WARN_STRICT_PROTOTYPES = YES;
				CLANG_WARN_SUSPICIOUS_MOVE = YES;
				CLANG_WARN_UNGUARDED_AVAILABILITY = YES_AGGRESSIVE;
				CLANG_WARN_UNREACHABLE_CODE = YES;
				CLANG_WARN__DUPLICATE_METHOD_MATCH = YES;
				CODE_SIGN_IDENTITY = "iPhone Developer";
				COPY_PHASE_STRIP = NO;
				DEBUG_INFORMATION_FORMAT = dwarf;
				ENABLE_STRICT_OBJC_MSGSEND = YES;
				ENABLE_TESTABILITY = YES;
				GCC_C_LANGUAGE_STANDARD = gnu11;
				GCC_DYNAMIC_NO_PIC = NO;
				GCC_NO_COMMON_BLOCKS = YES;
				GCC_OPTIMIZATION_LEVEL = 0;
				GCC_PREPROCESSOR_DEFINITIONS = (
					"DEBUG=1",
					"$(inherited)",
				);
				GCC_WARN_64_TO_32_BIT_CONVERSION = YES;
				GCC_WARN_ABOUT_RETURN_TYPE = YES_ERROR;
				GCC_WARN_UNDECLARED_SELECTOR = YES;
				GCC_WARN_UNINITIALIZED_AUTOS = YES_AGGRESSIVE;
				GCC_WARN_UNUSED_FUNCTION = YES;
				GCC_WARN_UNUSED_VARIABLE = YES;
				IPHONEOS_DEPLOYMENT_TARGET = 12.0;
				MTL_ENABLE_DEBUG_INFO = INCLUDE_SOURCE;
				MTL_FAST_MATH = YES;
				ONLY_ACTIVE_ARCH = YES;
				SDKROOT = iphoneos;
				SWIFT_ACTIVE_COMPILATION_CONDITIONS = DEBUG;
				SWIFT_OPTIMIZATION_LEVEL = "-Onone";
			};
			name = Debug;
		};
		8289C59421515AF10033CE5D /* Release */ = {
			isa = XCBuildConfiguration;
			buildSettings = {
				ALWAYS_SEARCH_USER_PATHS = NO;
				CLANG_ANALYZER_NONNULL = YES;
				CLANG_ANALYZER_NUMBER_OBJECT_CONVERSION = YES_AGGRESSIVE;
				CLANG_CXX_LANGUAGE_STANDARD = "gnu++14";
				CLANG_CXX_LIBRARY = "libc++";
				CLANG_ENABLE_MODULES = YES;
				CLANG_ENABLE_OBJC_ARC = YES;
				CLANG_ENABLE_OBJC_WEAK = YES;
				CLANG_WARN_BLOCK_CAPTURE_AUTORELEASING = YES;
				CLANG_WARN_BOOL_CONVERSION = YES;
				CLANG_WARN_COMMA = YES;
				CLANG_WARN_CONSTANT_CONVERSION = YES;
				CLANG_WARN_DEPRECATED_OBJC_IMPLEMENTATIONS = YES;
				CLANG_WARN_DIRECT_OBJC_ISA_USAGE = YES_ERROR;
				CLANG_WARN_DOCUMENTATION_COMMENTS = YES;
				CLANG_WARN_EMPTY_BODY = YES;
				CLANG_WARN_ENUM_CONVERSION = YES;
				CLANG_WARN_INFINITE_RECURSION = YES;
				CLANG_WARN_INT_CONVERSION = YES;
				CLANG_WARN_NON_LITERAL_NULL_CONVERSION = YES;
				CLANG_WARN_OBJC_IMPLICIT_RETAIN_SELF = YES;
				CLANG_WARN_OBJC_LITERAL_CONVERSION = YES;
				CLANG_WARN_OBJC_ROOT_CLASS = YES_ERROR;
				CLANG_WARN_RANGE_LOOP_ANALYSIS = YES;
				CLANG_WARN_STRICT_PROTOTYPES = YES;
				CLANG_WARN_SUSPICIOUS_MOVE = YES;
				CLANG_WARN_UNGUARDED_AVAILABILITY = YES_AGGRESSIVE;
				CLANG_WARN_UNREACHABLE_CODE = YES;
				CLANG_WARN__DUPLICATE_METHOD_MATCH = YES;
				CODE_SIGN_IDENTITY = "iPhone Developer";
				COPY_PHASE_STRIP = NO;
				DEBUG_INFORMATION_FORMAT = "dwarf-with-dsym";
				ENABLE_NS_ASSERTIONS = NO;
				ENABLE_STRICT_OBJC_MSGSEND = YES;
				GCC_C_LANGUAGE_STANDARD = gnu11;
				GCC_NO_COMMON_BLOCKS = YES;
				GCC_WARN_64_TO_32_BIT_CONVERSION = YES;
				GCC_WARN_ABOUT_RETURN_TYPE = YES_ERROR;
				GCC_WARN_UNDECLARED_SELECTOR = YES;
				GCC_WARN_UNINITIALIZED_AUTOS = YES_AGGRESSIVE;
				GCC_WARN_UNUSED_FUNCTION = YES;
				GCC_WARN_UNUSED_VARIABLE = YES;
				IPHONEOS_DEPLOYMENT_TARGET = 12.0;
				MTL_ENABLE_DEBUG_INFO = NO;
				MTL_FAST_MATH = YES;
				SDKROOT = iphoneos;
				SWIFT_COMPILATION_MODE = wholemodule;
				SWIFT_OPTIMIZATION_LEVEL = "-O";
				VALIDATE_PRODUCT = YES;
			};
			name = Release;
		};
		8289C59621515AF10033CE5D /* Debug */ = {
			isa = XCBuildConfiguration;
			buildSettings = {
				ASSETCATALOG_COMPILER_APPICON_NAME = AppIcon;
				CODE_SIGN_STYLE = Automatic;
				INFOPLIST_FILE = "$(SRCROOT)/Star Wars with Luis/Resources/Info.plist";
				LD_RUNPATH_SEARCH_PATHS = (
					"$(inherited)",
					"@executable_path/Frameworks",
				);
				PRODUCT_BUNDLE_IDENTIFIER = "com.LambdaSchool.Star-Wars-with-Luis";
				PRODUCT_NAME = "$(TARGET_NAME)";
				SWIFT_VERSION = 4.2;
				TARGETED_DEVICE_FAMILY = "1,2";
			};
			name = Debug;
		};
		8289C59721515AF10033CE5D /* Release */ = {
			isa = XCBuildConfiguration;
			buildSettings = {
				ASSETCATALOG_COMPILER_APPICON_NAME = AppIcon;
				CODE_SIGN_STYLE = Automatic;
				INFOPLIST_FILE = "$(SRCROOT)/Star Wars with Luis/Resources/Info.plist";
				LD_RUNPATH_SEARCH_PATHS = (
					"$(inherited)",
					"@executable_path/Frameworks",
				);
				PRODUCT_BUNDLE_IDENTIFIER = "com.LambdaSchool.Star-Wars-with-Luis";
				PRODUCT_NAME = "$(TARGET_NAME)";
				SWIFT_VERSION = 4.2;
				TARGETED_DEVICE_FAMILY = "1,2";
			};
			name = Release;
		};
/* End XCBuildConfiguration section */

/* Begin XCConfigurationList section */
		8289C57E21515AF00033CE5D /* Build configuration list for PBXProject "Star Wars with Luis" */ = {
			isa = XCConfigurationList;
			buildConfigurations = (
				8289C59321515AF10033CE5D /* Debug */,
				8289C59421515AF10033CE5D /* Release */,
			);
			defaultConfigurationIsVisible = 0;
			defaultConfigurationName = Release;
		};
		8289C59521515AF10033CE5D /* Build configuration list for PBXNativeTarget "Star Wars with Luis" */ = {
			isa = XCConfigurationList;
			buildConfigurations = (
				8289C59621515AF10033CE5D /* Debug */,
				8289C59721515AF10033CE5D /* Release */,
			);
			defaultConfigurationIsVisible = 0;
			defaultConfigurationName = Release;
		};
/* End XCConfigurationList section */
	};
	rootObject = 8289C57B21515AF00033CE5D /* Project object */;
}
